// !$*UTF8*$!
{
	archiveVersion = 1;
	classes = {
	};
	objectVersion = 50;
	objects = {

/* Begin PBXBuildFile section */
		D0B613E124229C5E000FBA17 /* AppDelegate.swift in Sources */ = {isa = PBXBuildFile; fileRef = D0B613E024229C5E000FBA17 /* AppDelegate.swift */; };
		D0B613E324229C5E000FBA17 /* ViewController.swift in Sources */ = {isa = PBXBuildFile; fileRef = D0B613E224229C5E000FBA17 /* ViewController.swift */; };
		D0B613E624229C5E000FBA17 /* Main.storyboard in Resources */ = {isa = PBXBuildFile; fileRef = D0B613E424229C5E000FBA17 /* Main.storyboard */; };
		D0B613E924229C5E000FBA17 /* Image_Classification_App.xcdatamodeld in Sources */ = {isa = PBXBuildFile; fileRef = D0B613E724229C5E000FBA17 /* Image_Classification_App.xcdatamodeld */; };
		D0B613EB24229C61000FBA17 /* Assets.xcassets in Resources */ = {isa = PBXBuildFile; fileRef = D0B613EA24229C61000FBA17 /* Assets.xcassets */; };
		D0B613EE24229C61000FBA17 /* LaunchScreen.storyboard in Resources */ = {isa = PBXBuildFile; fileRef = D0B613EC24229C61000FBA17 /* LaunchScreen.storyboard */; };
		D0B613F924229C61000FBA17 /* Image_Classification_AppTests.swift in Sources */ = {isa = PBXBuildFile; fileRef = D0B613F824229C61000FBA17 /* Image_Classification_AppTests.swift */; };
		D0B6140424229C61000FBA17 /* Image_Classification_AppUITests.swift in Sources */ = {isa = PBXBuildFile; fileRef = D0B6140324229C61000FBA17 /* Image_Classification_AppUITests.swift */; };
/* End PBXBuildFile section */

/* Begin PBXContainerItemProxy section */
		D0B613F524229C61000FBA17 /* PBXContainerItemProxy */ = {
			isa = PBXContainerItemProxy;
			containerPortal = D0B613D524229C5E000FBA17 /* Project object */;
			proxyType = 1;
			remoteGlobalIDString = D0B613DC24229C5E000FBA17;
			remoteInfo = "Image Classification App";
		};
		D0B6140024229C61000FBA17 /* PBXContainerItemProxy */ = {
			isa = PBXContainerItemProxy;
			containerPortal = D0B613D524229C5E000FBA17 /* Project object */;
			proxyType = 1;
			remoteGlobalIDString = D0B613DC24229C5E000FBA17;
			remoteInfo = "Image Classification App";
		};
/* End PBXContainerItemProxy section */

/* Begin PBXFileReference section */
		D0B613DD24229C5E000FBA17 /* Image Classification App.app */ = {isa = PBXFileReference; explicitFileType = wrapper.application; includeInIndex = 0; path = "Image Classification App.app"; sourceTree = BUILT_PRODUCTS_DIR; };
		D0B613E024229C5E000FBA17 /* AppDelegate.swift */ = {isa = PBXFileReference; lastKnownFileType = sourcecode.swift; path = AppDelegate.swift; sourceTree = "<group>"; };
		D0B613E224229C5E000FBA17 /* ViewController.swift */ = {isa = PBXFileReference; lastKnownFileType = sourcecode.swift; path = ViewController.swift; sourceTree = "<group>"; };
		D0B613E524229C5E000FBA17 /* Base */ = {isa = PBXFileReference; lastKnownFileType = file.storyboard; name = Base; path = Base.lproj/Main.storyboard; sourceTree = "<group>"; };
		D0B613E824229C5E000FBA17 /* Image_Classification_App.xcdatamodel */ = {isa = PBXFileReference; lastKnownFileType = wrapper.xcdatamodel; path = Image_Classification_App.xcdatamodel; sourceTree = "<group>"; };
		D0B613EA24229C61000FBA17 /* Assets.xcassets */ = {isa = PBXFileReference; lastKnownFileType = folder.assetcatalog; path = Assets.xcassets; sourceTree = "<group>"; };
		D0B613ED24229C61000FBA17 /* Base */ = {isa = PBXFileReference; lastKnownFileType = file.storyboard; name = Base; path = Base.lproj/LaunchScreen.storyboard; sourceTree = "<group>"; };
		D0B613EF24229C61000FBA17 /* Info.plist */ = {isa = PBXFileReference; lastKnownFileType = text.plist.xml; path = Info.plist; sourceTree = "<group>"; };
		D0B613F424229C61000FBA17 /* Image Classification AppTests.xctest */ = {isa = PBXFileReference; explicitFileType = wrapper.cfbundle; includeInIndex = 0; path = "Image Classification AppTests.xctest"; sourceTree = BUILT_PRODUCTS_DIR; };
		D0B613F824229C61000FBA17 /* Image_Classification_AppTests.swift */ = {isa = PBXFileReference; lastKnownFileType = sourcecode.swift; path = Image_Classification_AppTests.swift; sourceTree = "<group>"; };
		D0B613FA24229C61000FBA17 /* Info.plist */ = {isa = PBXFileReference; lastKnownFileType = text.plist.xml; path = Info.plist; sourceTree = "<group>"; };
		D0B613FF24229C61000FBA17 /* Image Classification AppUITests.xctest */ = {isa = PBXFileReference; explicitFileType = wrapper.cfbundle; includeInIndex = 0; path = "Image Classification AppUITests.xctest"; sourceTree = BUILT_PRODUCTS_DIR; };
		D0B6140324229C61000FBA17 /* Image_Classification_AppUITests.swift */ = {isa = PBXFileReference; lastKnownFileType = sourcecode.swift; path = Image_Classification_AppUITests.swift; sourceTree = "<group>"; };
		D0B6140524229C61000FBA17 /* Info.plist */ = {isa = PBXFileReference; lastKnownFileType = text.plist.xml; path = Info.plist; sourceTree = "<group>"; };
/* End PBXFileReference section */

/* Begin PBXFrameworksBuildPhase section */
		D0B613DA24229C5E000FBA17 /* Frameworks */ = {
			isa = PBXFrameworksBuildPhase;
			buildActionMask = 2147483647;
			files = (
			);
			runOnlyForDeploymentPostprocessing = 0;
		};
		D0B613F124229C61000FBA17 /* Frameworks */ = {
			isa = PBXFrameworksBuildPhase;
			buildActionMask = 2147483647;
			files = (
			);
			runOnlyForDeploymentPostprocessing = 0;
		};
		D0B613FC24229C61000FBA17 /* Frameworks */ = {
			isa = PBXFrameworksBuildPhase;
			buildActionMask = 2147483647;
			files = (
			);
			runOnlyForDeploymentPostprocessing = 0;
		};
/* End PBXFrameworksBuildPhase section */

/* Begin PBXGroup section */
		D0B613D424229C5E000FBA17 = {
			isa = PBXGroup;
			children = (
				D0B613DF24229C5E000FBA17 /* Image Classification App */,
				D0B613F724229C61000FBA17 /* Image Classification AppTests */,
				D0B6140224229C61000FBA17 /* Image Classification AppUITests */,
				D0B613DE24229C5E000FBA17 /* Products */,
			);
			sourceTree = "<group>";
		};
		D0B613DE24229C5E000FBA17 /* Products */ = {
			isa = PBXGroup;
			children = (
				D0B613DD24229C5E000FBA17 /* Image Classification App.app */,
				D0B613F424229C61000FBA17 /* Image Classification AppTests.xctest */,
				D0B613FF24229C61000FBA17 /* Image Classification AppUITests.xctest */,
			);
			name = Products;
			sourceTree = "<group>";
		};
		D0B613DF24229C5E000FBA17 /* Image Classification App */ = {
			isa = PBXGroup;
			children = (
				D0B613E024229C5E000FBA17 /* AppDelegate.swift */,
				D0B613E224229C5E000FBA17 /* ViewController.swift */,
				D0B613E424229C5E000FBA17 /* Main.storyboard */,
				D0B613EA24229C61000FBA17 /* Assets.xcassets */,
				D0B613EC24229C61000FBA17 /* LaunchScreen.storyboard */,
				D0B613EF24229C61000FBA17 /* Info.plist */,
				D0B613E724229C5E000FBA17 /* Image_Classification_App.xcdatamodeld */,
			);
			path = "Image Classification App";
			sourceTree = "<group>";
		};
		D0B613F724229C61000FBA17 /* Image Classification AppTests */ = {
			isa = PBXGroup;
			children = (
				D0B613F824229C61000FBA17 /* Image_Classification_AppTests.swift */,
				D0B613FA24229C61000FBA17 /* Info.plist */,
			);
			path = "Image Classification AppTests";
			sourceTree = "<group>";
		};
		D0B6140224229C61000FBA17 /* Image Classification AppUITests */ = {
			isa = PBXGroup;
			children = (
				D0B6140324229C61000FBA17 /* Image_Classification_AppUITests.swift */,
				D0B6140524229C61000FBA17 /* Info.plist */,
			);
			path = "Image Classification AppUITests";
			sourceTree = "<group>";
		};
/* End PBXGroup section */

/* Begin PBXNativeTarget section */
		D0B613DC24229C5E000FBA17 /* Image Classification App */ = {
			isa = PBXNativeTarget;
			buildConfigurationList = D0B6140824229C61000FBA17 /* Build configuration list for PBXNativeTarget "Image Classification App" */;
			buildPhases = (
				D0B613D924229C5E000FBA17 /* Sources */,
				D0B613DA24229C5E000FBA17 /* Frameworks */,
				D0B613DB24229C5E000FBA17 /* Resources */,
			);
			buildRules = (
			);
			dependencies = (
			);
			name = "Image Classification App";
			productName = "Image Classification App";
			productReference = D0B613DD24229C5E000FBA17 /* Image Classification App.app */;
			productType = "com.apple.product-type.application";
		};
		D0B613F324229C61000FBA17 /* Image Classification AppTests */ = {
			isa = PBXNativeTarget;
			buildConfigurationList = D0B6140B24229C61000FBA17 /* Build configuration list for PBXNativeTarget "Image Classification AppTests" */;
			buildPhases = (
				D0B613F024229C61000FBA17 /* Sources */,
				D0B613F124229C61000FBA17 /* Frameworks */,
				D0B613F224229C61000FBA17 /* Resources */,
			);
			buildRules = (
			);
			dependencies = (
				D0B613F624229C61000FBA17 /* PBXTargetDependency */,
			);
			name = "Image Classification AppTests";
			productName = "Image Classification AppTests";
			productReference = D0B613F424229C61000FBA17 /* Image Classification AppTests.xctest */;
			productType = "com.apple.product-type.bundle.unit-test";
		};
		D0B613FE24229C61000FBA17 /* Image Classification AppUITests */ = {
			isa = PBXNativeTarget;
			buildConfigurationList = D0B6140E24229C61000FBA17 /* Build configuration list for PBXNativeTarget "Image Classification AppUITests" */;
			buildPhases = (
				D0B613FB24229C61000FBA17 /* Sources */,
				D0B613FC24229C61000FBA17 /* Frameworks */,
				D0B613FD24229C61000FBA17 /* Resources */,
			);
			buildRules = (
			);
			dependencies = (
				D0B6140124229C61000FBA17 /* PBXTargetDependency */,
			);
			name = "Image Classification AppUITests";
			productName = "Image Classification AppUITests";
			productReference = D0B613FF24229C61000FBA17 /* Image Classification AppUITests.xctest */;
			productType = "com.apple.product-type.bundle.ui-testing";
		};
/* End PBXNativeTarget section */

/* Begin PBXProject section */
		D0B613D524229C5E000FBA17 /* Project object */ = {
			isa = PBXProject;
			attributes = {
				LastSwiftUpdateCheck = 1020;
				LastUpgradeCheck = 1020;
				ORGANIZATIONNAME = "Pranav Durai";
				TargetAttributes = {
					D0B613DC24229C5E000FBA17 = {
						CreatedOnToolsVersion = 10.2.1;
					};
					D0B613F324229C61000FBA17 = {
						CreatedOnToolsVersion = 10.2.1;
						TestTargetID = D0B613DC24229C5E000FBA17;
					};
					D0B613FE24229C61000FBA17 = {
						CreatedOnToolsVersion = 10.2.1;
						TestTargetID = D0B613DC24229C5E000FBA17;
					};
				};
			};
			buildConfigurationList = D0B613D824229C5E000FBA17 /* Build configuration list for PBXProject "Image Classification App" */;
			compatibilityVersion = "Xcode 9.3";
			developmentRegion = en;
			hasScannedForEncodings = 0;
			knownRegions = (
				en,
				Base,
			);
			mainGroup = D0B613D424229C5E000FBA17;
			productRefGroup = D0B613DE24229C5E000FBA17 /* Products */;
			projectDirPath = "";
			projectRoot = "";
			targets = (
				D0B613DC24229C5E000FBA17 /* Image Classification App */,
				D0B613F324229C61000FBA17 /* Image Classification AppTests */,
				D0B613FE24229C61000FBA17 /* Image Classification AppUITests */,
			);
		};
/* End PBXProject section */

/* Begin PBXResourcesBuildPhase section */
		D0B613DB24229C5E000FBA17 /* Resources */ = {
			isa = PBXResourcesBuildPhase;
			buildActionMask = 2147483647;
			files = (
				D0B613EE24229C61000FBA17 /* LaunchScreen.storyboard in Resources */,
				D0B613EB24229C61000FBA17 /* Assets.xcassets in Resources */,
				D0B613E624229C5E000FBA17 /* Main.storyboard in Resources */,
			);
			runOnlyForDeploymentPostprocessing = 0;
		};
		D0B613F224229C61000FBA17 /* Resources */ = {
			isa = PBXResourcesBuildPhase;
			buildActionMask = 2147483647;
			files = (
			);
			runOnlyForDeploymentPostprocessing = 0;
		};
		D0B613FD24229C61000FBA17 /* Resources */ = {
			isa = PBXResourcesBuildPhase;
			buildActionMask = 2147483647;
			files = (
			);
			runOnlyForDeploymentPostprocessing = 0;
		};
/* End PBXResourcesBuildPhase section */

/* Begin PBXSourcesBuildPhase section */
		D0B613D924229C5E000FBA17 /* Sources */ = {
			isa = PBXSourcesBuildPhase;
			buildActionMask = 2147483647;
			files = (
				D0B613E924229C5E000FBA17 /* Image_Classification_App.xcdatamodeld in Sources */,
				D0B613E324229C5E000FBA17 /* ViewController.swift in Sources */,
				D0B613E124229C5E000FBA17 /* AppDelegate.swift in Sources */,
			);
			runOnlyForDeploymentPostprocessing = 0;
		};
		D0B613F024229C61000FBA17 /* Sources */ = {
			isa = PBXSourcesBuildPhase;
			buildActionMask = 2147483647;
			files = (
				D0B613F924229C61000FBA17 /* Image_Classification_AppTests.swift in Sources */,
			);
			runOnlyForDeploymentPostprocessing = 0;
		};
		D0B613FB24229C61000FBA17 /* Sources */ = {
			isa = PBXSourcesBuildPhase;
			buildActionMask = 2147483647;
			files = (
				D0B6140424229C61000FBA17 /* Image_Classification_AppUITests.swift in Sources */,
			);
			runOnlyForDeploymentPostprocessing = 0;
		};
/* End PBXSourcesBuildPhase section */

/* Begin PBXTargetDependency section */
		D0B613F624229C61000FBA17 /* PBXTargetDependency */ = {
			isa = PBXTargetDependency;
			target = D0B613DC24229C5E000FBA17 /* Image Classification App */;
			targetProxy = D0B613F524229C61000FBA17 /* PBXContainerItemProxy */;
		};
		D0B6140124229C61000FBA17 /* PBXTargetDependency */ = {
			isa = PBXTargetDependency;
			target = D0B613DC24229C5E000FBA17 /* Image Classification App */;
			targetProxy = D0B6140024229C61000FBA17 /* PBXContainerItemProxy */;
		};
/* End PBXTargetDependency section */

/* Begin PBXVariantGroup section */
		D0B613E424229C5E000FBA17 /* Main.storyboard */ = {
			isa = PBXVariantGroup;
			children = (
				D0B613E524229C5E000FBA17 /* Base */,
			);
			name = Main.storyboard;
			sourceTree = "<group>";
		};
		D0B613EC24229C61000FBA17 /* LaunchScreen.storyboard */ = {
			isa = PBXVariantGroup;
			children = (
				D0B613ED24229C61000FBA17 /* Base */,
			);
			name = LaunchScreen.storyboard;
			sourceTree = "<group>";
		};
/* End PBXVariantGroup section */

/* Begin XCBuildConfiguration section */
		D0B6140624229C61000FBA17 /* Debug */ = {
			isa = XCBuildConfiguration;
			buildSettings = {
				ALWAYS_SEARCH_USER_PATHS = NO;
				CLANG_ANALYZER_NONNULL = YES;
				CLANG_ANALYZER_NUMBER_OBJECT_CONVERSION = YES_AGGRESSIVE;
				CLANG_CXX_LANGUAGE_STANDARD = "gnu++14";
				CLANG_CXX_LIBRARY = "libc++";
				CLANG_ENABLE_MODULES = YES;
				CLANG_ENABLE_OBJC_ARC = YES;
				CLANG_ENABLE_OBJC_WEAK = YES;
				CLANG_WARN_BLOCK_CAPTURE_AUTORELEASING = YES;
				CLANG_WARN_BOOL_CONVERSION = YES;
				CLANG_WARN_COMMA = YES;
				CLANG_WARN_CONSTANT_CONVERSION = YES;
				CLANG_WARN_DEPRECATED_OBJC_IMPLEMENTATIONS = YES;
				CLANG_WARN_DIRECT_OBJC_ISA_USAGE = YES_ERROR;
				CLANG_WARN_DOCUMENTATION_COMMENTS = YES;
				CLANG_WARN_EMPTY_BODY = YES;
				CLANG_WARN_ENUM_CONVERSION = YES;
				CLANG_WARN_INFINITE_RECURSION = YES;
				CLANG_WARN_INT_CONVERSION = YES;
				CLANG_WARN_NON_LITERAL_NULL_CONVERSION = YES;
				CLANG_WARN_OBJC_IMPLICIT_RETAIN_SELF = YES;
				CLANG_WARN_OBJC_LITERAL_CONVERSION = YES;
				CLANG_WARN_OBJC_ROOT_CLASS = YES_ERROR;
				CLANG_WARN_RANGE_LOOP_ANALYSIS = YES;
				CLANG_WARN_STRICT_PROTOTYPES = YES;
				CLANG_WARN_SUSPICIOUS_MOVE = YES;
				CLANG_WARN_UNGUARDED_AVAILABILITY = YES_AGGRESSIVE;
				CLANG_WARN_UNREACHABLE_CODE = YES;
				CLANG_WARN__DUPLICATE_METHOD_MATCH = YES;
				CODE_SIGN_IDENTITY = "iPhone Developer";
				COPY_PHASE_STRIP = NO;
				DEBUG_INFORMATION_FORMAT = dwarf;
				ENABLE_STRICT_OBJC_MSGSEND = YES;
				ENABLE_TESTABILITY = YES;
				GCC_C_LANGUAGE_STANDARD = gnu11;
				GCC_DYNAMIC_NO_PIC = NO;
				GCC_NO_COMMON_BLOCKS = YES;
				GCC_OPTIMIZATION_LEVEL = 0;
				GCC_PREPROCESSOR_DEFINITIONS = (
					"DEBUG=1",
					"$(inherited)",
				);
				GCC_WARN_64_TO_32_BIT_CONVERSION = YES;
				GCC_WARN_ABOUT_RETURN_TYPE = YES_ERROR;
				GCC_WARN_UNDECLARED_SELECTOR = YES;
				GCC_WARN_UNINITIALIZED_AUTOS = YES_AGGRESSIVE;
				GCC_WARN_UNUSED_FUNCTION = YES;
				GCC_WARN_UNUSED_VARIABLE = YES;
				IPHONEOS_DEPLOYMENT_TARGET = 12.2;
				MTL_ENABLE_DEBUG_INFO = INCLUDE_SOURCE;
				MTL_FAST_MATH = YES;
				ONLY_ACTIVE_ARCH = YES;
				SDKROOT = iphoneos;
				SWIFT_ACTIVE_COMPILATION_CONDITIONS = DEBUG;
				SWIFT_OPTIMIZATION_LEVEL = "-Onone";
			};
			name = Debug;
		};
		D0B6140724229C61000FBA17 /* Release */ = {
			isa = XCBuildConfiguration;
			buildSettings = {
				ALWAYS_SEARCH_USER_PATHS = NO;
				CLANG_ANALYZER_NONNULL = YES;
				CLANG_ANALYZER_NUMBER_OBJECT_CONVERSION = YES_AGGRESSIVE;
				CLANG_CXX_LANGUAGE_STANDARD = "gnu++14";
				CLANG_CXX_LIBRARY = "libc++";
				CLANG_ENABLE_MODULES = YES;
				CLANG_ENABLE_OBJC_ARC = YES;
				CLANG_ENABLE_OBJC_WEAK = YES;
				CLANG_WARN_BLOCK_CAPTURE_AUTORELEASING = YES;
				CLANG_WARN_BOOL_CONVERSION = YES;
				CLANG_WARN_COMMA = YES;
				CLANG_WARN_CONSTANT_CONVERSION = YES;
				CLANG_WARN_DEPRECATED_OBJC_IMPLEMENTATIONS = YES;
				CLANG_WARN_DIRECT_OBJC_ISA_USAGE = YES_ERROR;
				CLANG_WARN_DOCUMENTATION_COMMENTS = YES;
				CLANG_WARN_EMPTY_BODY = YES;
				CLANG_WARN_ENUM_CONVERSION = YES;
				CLANG_WARN_INFINITE_RECURSION = YES;
				CLANG_WARN_INT_CONVERSION = YES;
				CLANG_WARN_NON_LITERAL_NULL_CONVERSION = YES;
				CLANG_WARN_OBJC_IMPLICIT_RETAIN_SELF = YES;
				CLANG_WARN_OBJC_LITERAL_CONVERSION = YES;
				CLANG_WARN_OBJC_ROOT_CLASS = YES_ERROR;
				CLANG_WARN_RANGE_LOOP_ANALYSIS = YES;
				CLANG_WARN_STRICT_PROTOTYPES = YES;
				CLANG_WARN_SUSPICIOUS_MOVE = YES;
				CLANG_WARN_UNGUARDED_AVAILABILITY = YES_AGGRESSIVE;
				CLANG_WARN_UNREACHABLE_CODE = YES;
				CLANG_WARN__DUPLICATE_METHOD_MATCH = YES;
				CODE_SIGN_IDENTITY = "iPhone Developer";
				COPY_PHASE_STRIP = NO;
				DEBUG_INFORMATION_FORMAT = "dwarf-with-dsym";
				ENABLE_NS_ASSERTIONS = NO;
				ENABLE_STRICT_OBJC_MSGSEND = YES;
				GCC_C_LANGUAGE_STANDARD = gnu11;
				GCC_NO_COMMON_BLOCKS = YES;
				GCC_WARN_64_TO_32_BIT_CONVERSION = YES;
				GCC_WARN_ABOUT_RETURN_TYPE = YES_ERROR;
				GCC_WARN_UNDECLARED_SELECTOR = YES;
				GCC_WARN_UNINITIALIZED_AUTOS = YES_AGGRESSIVE;
				GCC_WARN_UNUSED_FUNCTION = YES;
				GCC_WARN_UNUSED_VARIABLE = YES;
				IPHONEOS_DEPLOYMENT_TARGET = 12.2;
				MTL_ENABLE_DEBUG_INFO = NO;
				MTL_FAST_MATH = YES;
				SDKROOT = iphoneos;
				SWIFT_COMPILATION_MODE = wholemodule;
				SWIFT_OPTIMIZATION_LEVEL = "-O";
				VALIDATE_PRODUCT = YES;
			};
			name = Release;
		};
		D0B6140924229C61000FBA17 /* Debug */ = {
			isa = XCBuildConfiguration;
			buildSettings = {
				ASSETCATALOG_COMPILER_APPICON_NAME = AppIcon;
				CODE_SIGN_STYLE = Automatic;
				DEVELOPMENT_TEAM = G58UC3BDMR;
				INFOPLIST_FILE = "Image Classification App/Info.plist";
				LD_RUNPATH_SEARCH_PATHS = (
					"$(inherited)",
					"@executable_path/Frameworks",
				);
				PRODUCT_BUNDLE_IDENTIFIER = "com.pranavdurai.Image-Classification-App";
				PRODUCT_NAME = "$(TARGET_NAME)";
				SWIFT_VERSION = 5.0;
				TARGETED_DEVICE_FAMILY = "1,2";
			};
			name = Debug;
		};
		D0B6140A24229C61000FBA17 /* Release */ = {
			isa = XCBuildConfiguration;
			buildSettings = {
				ASSETCATALOG_COMPILER_APPICON_NAME = AppIcon;
				CODE_SIGN_STYLE = Automatic;
				DEVELOPMENT_TEAM = G58UC3BDMR;
				INFOPLIST_FILE = "Image Classification App/Info.plist";
				LD_RUNPATH_SEARCH_PATHS = (
					"$(inherited)",
					"@executable_path/Frameworks",
				);
				PRODUCT_BUNDLE_IDENTIFIER = "com.pranavdurai.Image-Classification-App";
				PRODUCT_NAME = "$(TARGET_NAME)";
				SWIFT_VERSION = 5.0;
				TARGETED_DEVICE_FAMILY = "1,2";
			};
			name = Release;
		};
		D0B6140C24229C61000FBA17 /* Debug */ = {
			isa = XCBuildConfiguration;
			buildSettings = {
				ALWAYS_EMBED_SWIFT_STANDARD_LIBRARIES = YES;
				BUNDLE_LOADER = "$(TEST_HOST)";
				CODE_SIGN_STYLE = Automatic;
				DEVELOPMENT_TEAM = G58UC3BDMR;
				INFOPLIST_FILE = "Image Classification AppTests/Info.plist";
				LD_RUNPATH_SEARCH_PATHS = (
					"$(inherited)",
					"@executable_path/Frameworks",
					"@loader_path/Frameworks",
				);
				PRODUCT_BUNDLE_IDENTIFIER = "com.pranavdurai.Image-Classification-AppTests";
				PRODUCT_NAME = "$(TARGET_NAME)";
				SWIFT_VERSION = 5.0;
				TARGETED_DEVICE_FAMILY = "1,2";
				TEST_HOST = "$(BUILT_PRODUCTS_DIR)/Image Classification App.app/Image Classification App";
			};
			name = Debug;
		};
		D0B6140D24229C61000FBA17 /* Release */ = {
			isa = XCBuildConfiguration;
			buildSettings = {
				ALWAYS_EMBED_SWIFT_STANDARD_LIBRARIES = YES;
				BUNDLE_LOADER = "$(TEST_HOST)";
				CODE_SIGN_STYLE = Automatic;
				DEVELOPMENT_TEAM = G58UC3BDMR;
				INFOPLIST_FILE = "Image Classification AppTests/Info.plist";
				LD_RUNPATH_SEARCH_PATHS = (
					"$(inherited)",
					"@executable_path/Frameworks",
					"@loader_path/Frameworks",
				);
				PRODUCT_BUNDLE_IDENTIFIER = "com.pranavdurai.Image-Classification-AppTests";
				PRODUCT_NAME = "$(TARGET_NAME)";
				SWIFT_VERSION = 5.0;
				TARGETED_DEVICE_FAMILY = "1,2";
				TEST_HOST = "$(BUILT_PRODUCTS_DIR)/Image Classification App.app/Image Classification App";
			};
			name = Release;
		};
		D0B6140F24229C61000FBA17 /* Debug */ = {
			isa = XCBuildConfiguration;
			buildSettings = {
				ALWAYS_EMBED_SWIFT_STANDARD_LIBRARIES = YES;
				CODE_SIGN_STYLE = Automatic;
				DEVELOPMENT_TEAM = G58UC3BDMR;
				INFOPLIST_FILE = "Image Classification AppUITests/Info.plist";
				LD_RUNPATH_SEARCH_PATHS = (
					"$(inherited)",
					"@executable_path/Frameworks",
					"@loader_path/Frameworks",
				);
				PRODUCT_BUNDLE_IDENTIFIER = "com.pranavdurai.Image-Classification-AppUITests";
				PRODUCT_NAME = "$(TARGET_NAME)";
				SWIFT_VERSION = 5.0;
				TARGETED_DEVICE_FAMILY = "1,2";
				TEST_TARGET_NAME = "Image Classification App";
			};
			name = Debug;
		};
		D0B6141024229C61000FBA17 /* Release */ = {
			isa = XCBuildConfiguration;
			buildSettings = {
				ALWAYS_EMBED_SWIFT_STANDARD_LIBRARIES = YES;
				CODE_SIGN_STYLE = Automatic;
				DEVELOPMENT_TEAM = G58UC3BDMR;
				INFOPLIST_FILE = "Image Classification AppUITests/Info.plist";
				LD_RUNPATH_SEARCH_PATHS = (
					"$(inherited)",
					"@executable_path/Frameworks",
					"@loader_path/Frameworks",
				);
				PRODUCT_BUNDLE_IDENTIFIER = "com.pranavdurai.Image-Classification-AppUITests";
				PRODUCT_NAME = "$(TARGET_NAME)";
				SWIFT_VERSION = 5.0;
				TARGETED_DEVICE_FAMILY = "1,2";
				TEST_TARGET_NAME = "Image Classification App";
			};
			name = Release;
		};
/* End XCBuildConfiguration section */

/* Begin XCConfigurationList section */
		D0B613D824229C5E000FBA17 /* Build configuration list for PBXProject "Image Classification App" */ = {
			isa = XCConfigurationList;
			buildConfigurations = (
				D0B6140624229C61000FBA17 /* Debug */,
				D0B6140724229C61000FBA17 /* Release */,
			);
			defaultConfigurationIsVisible = 0;
			defaultConfigurationName = Release;
		};
		D0B6140824229C61000FBA17 /* Build configuration list for PBXNativeTarget "Image Classification App" */ = {
			isa = XCConfigurationList;
			buildConfigurations = (
				D0B6140924229C61000FBA17 /* Debug */,
				D0B6140A24229C61000FBA17 /* Release */,
			);
			defaultConfigurationIsVisible = 0;
			defaultConfigurationName = Release;
		};
		D0B6140B24229C61000FBA17 /* Build configuration list for PBXNativeTarget "Image Classification AppTests" */ = {
			isa = XCConfigurationList;
			buildConfigurations = (
				D0B6140C24229C61000FBA17 /* Debug */,
				D0B6140D24229C61000FBA17 /* Release */,
			);
			defaultConfigurationIsVisible = 0;
			defaultConfigurationName = Release;
		};
		D0B6140E24229C61000FBA17 /* Build configuration list for PBXNativeTarget "Image Classification AppUITests" */ = {
			isa = XCConfigurationList;
			buildConfigurations = (
				D0B6140F24229C61000FBA17 /* Debug */,
				D0B6141024229C61000FBA17 /* Release */,
			);
			defaultConfigurationIsVisible = 0;
			defaultConfigurationName = Release;
		};
/* End XCConfigurationList section */

/* Begin XCVersionGroup section */
		D0B613E724229C5E000FBA17 /* Image_Classification_App.xcdatamodeld */ = {
			isa = XCVersionGroup;
			children = (
				D0B613E824229C5E000FBA17 /* Image_Classification_App.xcdatamodel */,
			);
			currentVersion = D0B613E824229C5E000FBA17 /* Image_Classification_App.xcdatamodel */;
			path = Image_Classification_App.xcdatamodeld;
			sourceTree = "<group>";
			versionGroupType = wrapper.xcdatamodel;
		};
/* End XCVersionGroup section */
	};
	rootObject = D0B613D524229C5E000FBA17 /* Project object */;
}
